
Microsoft Visual Studio Solution File, Format Version 12.00
# Visual Studio 15
VisualStudioVersion = 15.0.27703.2035
MinimumVisualStudioVersion = 10.0.40219.1
Project("{2150E333-8FDC-42A3-9474-1A3956D46DE8}") = "Services", "Services", "{7815700F-556A-4FA1-BAB6-957069AE5F3D}"
EndProject
Project("{9A19103F-16F7-4668-BE54-9A1E7A4F7556}") = "ShoppingCart.Api", "ShoppingCart.Api\ShoppingCart.Api.csproj", "{3DA70599-876E-4586-B84D-D5D5A59748BC}"
EndProject
Project("{9A19103F-16F7-4668-BE54-9A1E7A4F7556}") = "Mock.Api", "Mock.Api\Mock.Api.csproj", "{0FAE940F-50FF-4951-B7E4-56985895AA42}"
EndProject
Project("{9A19103F-16F7-4668-BE54-9A1E7A4F7556}") = "MockHTTPClient.Api", "MockHTTPClient.Api\MockHTTPClient.Api.csproj", "{F05818AF-1025-4DA3-ABB4-D2A4A9D22BC1}"
EndProject
Project("{FAE04EC0-301F-11D3-BF4B-00C04F79EFBC}") = "LoyaltyProgram.Api", "LoyaltyProgram.Api\LoyaltyProgram.Api.csproj", "{3CA63766-BF57-4FDF-9D97-A2D2C0A5E66E}"
EndProject
Global
	GlobalSection(SolutionConfigurationPlatforms) = preSolution
		Debug|Any CPU = Debug|Any CPU
		Release|Any CPU = Release|Any CPU
	EndGlobalSection
	GlobalSection(ProjectConfigurationPlatforms) = postSolution
		{3DA70599-876E-4586-B84D-D5D5A59748BC}.Debug|Any CPU.ActiveCfg = Debug|Any CPU
		{3DA70599-876E-4586-B84D-D5D5A59748BC}.Debug|Any CPU.Build.0 = Debug|Any CPU
		{3DA70599-876E-4586-B84D-D5D5A59748BC}.Release|Any CPU.ActiveCfg = Release|Any CPU
		{3DA70599-876E-4586-B84D-D5D5A59748BC}.Release|Any CPU.Build.0 = Release|Any CPU
		{0FAE940F-50FF-4951-B7E4-56985895AA42}.Debug|Any CPU.ActiveCfg = Debug|Any CPU
		{0FAE940F-50FF-4951-B7E4-56985895AA42}.Debug|Any CPU.Build.0 = Debug|Any CPU
		{0FAE940F-50FF-4951-B7E4-56985895AA42}.Release|Any CPU.ActiveCfg = Release|Any CPU
		{0FAE940F-50FF-4951-B7E4-56985895AA42}.Release|Any CPU.Build.0 = Release|Any CPU
		{F05818AF-1025-4DA3-ABB4-D2A4A9D22BC1}.Debug|Any CPU.ActiveCfg = Debug|Any CPU
		{F05818AF-1025-4DA3-ABB4-D2A4A9D22BC1}.Debug|Any CPU.Build.0 = Debug|Any CPU
		{F05818AF-1025-4DA3-ABB4-D2A4A9D22BC1}.Release|Any CPU.ActiveCfg = Release|Any CPU
		{F05818AF-1025-4DA3-ABB4-D2A4A9D22BC1}.Release|Any CPU.Build.0 = Release|Any CPU
		{3CA63766-BF57-4FDF-9D97-A2D2C0A5E66E}.Debug|Any CPU.ActiveCfg = Debug|Any CPU
		{3CA63766-BF57-4FDF-9D97-A2D2C0A5E66E}.Debug|Any CPU.Build.0 = Debug|Any CPU
		{3CA63766-BF57-4FDF-9D97-A2D2C0A5E66E}.Release|Any CPU.ActiveCfg = Release|Any CPU
		{3CA63766-BF57-4FDF-9D97-A2D2C0A5E66E}.Release|Any CPU.Build.0 = Release|Any CPU
	EndGlobalSection
	GlobalSection(SolutionProperties) = preSolution
		HideSolutionNode = FALSE
	EndGlobalSection
	GlobalSection(NestedProjects) = preSolution
		{3DA70599-876E-4586-B84D-D5D5A59748BC} = {7815700F-556A-4FA1-BAB6-957069AE5F3D}
		{0FAE940F-50FF-4951-B7E4-56985895AA42} = {7815700F-556A-4FA1-BAB6-957069AE5F3D}
		{F05818AF-1025-4DA3-ABB4-D2A4A9D22BC1} = {7815700F-556A-4FA1-BAB6-957069AE5F3D}
		{3CA63766-BF57-4FDF-9D97-A2D2C0A5E66E} = {7815700F-556A-4FA1-BAB6-957069AE5F3D}
	EndGlobalSection
	GlobalSection(ExtensibilityGlobals) = postSolution
		SolutionGuid = {38F39F4F-21D8-4001-B61D-768350AB09D3}
	EndGlobalSection
EndGlobal
